PODS:
  - Cosmos (7.0.0)
  - GoogleMaps (2.1.1):
    - GoogleMaps/Maps (= 2.1.1)
  - GoogleMaps/Base (2.1.1)
  - GoogleMaps/Maps (2.1.1):
    - GoogleMaps/Base
  - GooglePlaces (2.1.1):
    - GoogleMaps/Base (= 2.1.1)
  - LBTAComponents (0.1.9)

DEPENDENCIES:
  - Cosmos (~> 7.0)
  - GoogleMaps
  - GooglePlaces
  - LBTAComponents (~> 0.1.9)

SPEC CHECKSUMS:
  Cosmos: 2c8299147138758f6ebbb247cf1aeed77998bdf9
  GoogleMaps: a5b5bbe47734e2443bde781a6aa64e69fdb6d785
  GooglePlaces: 35636d86e5020cba3856eb988c09a5491de0a65a
  LBTAComponents: 9a5d314080d1f80208062ccc81a2d25225c5f572

PODFILE CHECKSUM: 6b60acb3526bfcd58545a0c114ad8e3a1021aa2f

COCOAPODS: 1.2.0.beta.1
